
Microsoft Visual Studio Solution File, Format Version 12.00
# Visual Studio Version 17
VisualStudioVersion = 17.10.35027.167
MinimumVisualStudioVersion = 10.0.40219.1
Project("{FAE04EC0-301F-11D3-BF4B-00C04F79EFBC}") = "PonteLevatoio", "PonteLevatoio\PonteLevatoio.csproj", "{13B575C6-D381-4929-BDF2-714456428983}"
EndProject
Global
	GlobalSection(SolutionConfigurationPlatforms) = preSolution
		Debug|Any CPU = Debug|Any CPU
		Release|Any CPU = Release|Any CPU
	EndGlobalSection
	GlobalSection(ProjectConfigurationPlatforms) = postSolution
		{13B575C6-D381-4929-BDF2-714456428983}.Debug|Any CPU.ActiveCfg = Debug|Any CPU
		{13B575C6-D381-4929-BDF2-714456428983}.Debug|Any CPU.Build.0 = Debug|Any CPU
		{13B575C6-D381-4929-BDF2-714456428983}.Release|Any CPU.ActiveCfg = Release|Any CPU
		{13B575C6-D381-4929-BDF2-714456428983}.Release|Any CPU.Build.0 = Release|Any CPU
	EndGlobalSection
	GlobalSection(SolutionProperties) = preSolution
		HideSolutionNode = FALSE
	EndGlobalSection
	GlobalSection(ExtensibilityGlobals) = postSolution
		SolutionGuid = {2987912E-B84E-47BA-A87C-6F3C247479C7}
	EndGlobalSection
EndGlobal
