
Microsoft Visual Studio Solution File, Format Version 12.00
# Visual Studio Version 17
VisualStudioVersion = 17.10.35027.167
MinimumVisualStudioVersion = 10.0.40219.1
Project("{FAE04EC0-301F-11D3-BF4B-00C04F79EFBC}") = "WpfAppMatriceConv", "WpfAppMatriceConv\WpfAppMatriceConv.csproj", "{398F56AB-2463-42EC-B7BC-BCE91B42A5AD}"
EndProject
Global
	GlobalSection(SolutionConfigurationPlatforms) = preSolution
		Debug|Any CPU = Debug|Any CPU
		Release|Any CPU = Release|Any CPU
	EndGlobalSection
	GlobalSection(ProjectConfigurationPlatforms) = postSolution
		{398F56AB-2463-42EC-B7BC-BCE91B42A5AD}.Debug|Any CPU.ActiveCfg = Debug|Any CPU
		{398F56AB-2463-42EC-B7BC-BCE91B42A5AD}.Debug|Any CPU.Build.0 = Debug|Any CPU
		{398F56AB-2463-42EC-B7BC-BCE91B42A5AD}.Release|Any CPU.ActiveCfg = Release|Any CPU
		{398F56AB-2463-42EC-B7BC-BCE91B42A5AD}.Release|Any CPU.Build.0 = Release|Any CPU
	EndGlobalSection
	GlobalSection(SolutionProperties) = preSolution
		HideSolutionNode = FALSE
	EndGlobalSection
	GlobalSection(ExtensibilityGlobals) = postSolution
		SolutionGuid = {999A7519-D25B-4F93-8D88-9060B59DDCE5}
	EndGlobalSection
EndGlobal
